{
  "name": "@heymarco/spacer",
  "version": "1.0.2",
  "lockfileVersion": 1,
  "requires": true,
  "dependencies": {
    "@heymarco/sass-class-template": {
      "version": "1.0.5",
      "resolved": "https://registry.npmjs.org/@heymarco/sass-class-template/-/sass-class-template-1.0.5.tgz",
      "integrity": "sha512-F1j5v4ELqaRl2oCz6YsOcoGohEnwL6xswTSRHzbK3g4bflXh9PvniLcMa9F90TVwktI+Q5370yTf4XD23IYf3g==",
      "requires": {
        "@heymarco/sass-selector": "^1.0.2",
        "@heymarco/sass-string": "^1.0.1"
      }
    },
    "@heymarco/sass-selector": {
      "version": "1.0.2",
      "resolved": "https://registry.npmjs.org/@heymarco/sass-selector/-/sass-selector-1.0.2.tgz",
      "integrity": "sha512-nD7BYzMUIOJ8SJn5/ky5aCbB9DY+ftcOzm6d76MOkhJXhG7evwqmBpYcOCWvmL/W4h6T9i60KxH818n7bEBWxg==",
      "requires": {
        "@heymarco/sass-string": "^1.0.1"
      }
    },
    "@heymarco/sass-string": {
      "version": "1.0.1",
      "resolved": "https://registry.npmjs.org/@heymarco/sass-string/-/sass-string-1.0.1.tgz",
      "integrity": "sha512-YH2CTse5Ku9XQC1R0F92FcFVzJLgBX+jQoR0I3/1cO20PCN/0diUeOfFvJDzMoVbnvqjXKmUsoAhHHvrsqYzMw=="
    }
  }
}
