{
  "name": "@heymarco/spacer",
  "version": "1.0.5",
  "lockfileVersion": 1,
  "requires": true,
  "dependencies": {
    "@heymarco/sass-class-template": {
      "version": "1.0.6",
      "resolved": "https://registry.npmjs.org/@heymarco/sass-class-template/-/sass-class-template-1.0.6.tgz",
      "integrity": "sha512-31e4R3PpS6G5JEyGPuUBKM+V24Z8gFp7WORmksFztG9GlienO+bMYF+3RoFAikVXO4VEHPUM1fyyIYVjVVYoAw==",
      "requires": {
        "@heymarco/sass-selector": "^1.0.5",
        "@heymarco/sass-string": "^1.0.1"
      }
    },
    "@heymarco/sass-selector": {
      "version": "1.0.5",
      "resolved": "https://registry.npmjs.org/@heymarco/sass-selector/-/sass-selector-1.0.5.tgz",
      "integrity": "sha512-GQ7HH/ycx09jfZMitowJWDhr5lHpvaKjpkzOPmadzMCpxZLqZy+X8IzhJgsmrfnnYMeOEsUwhM02wZZQbrhXxA==",
      "requires": {
        "@heymarco/sass-string": "^1.0.1"
      }
    },
    "@heymarco/sass-string": {
      "version": "1.0.1",
      "resolved": "https://registry.npmjs.org/@heymarco/sass-string/-/sass-string-1.0.1.tgz",
      "integrity": "sha512-YH2CTse5Ku9XQC1R0F92FcFVzJLgBX+jQoR0I3/1cO20PCN/0diUeOfFvJDzMoVbnvqjXKmUsoAhHHvrsqYzMw=="
    }
  }
}
